{
  "name": "flowmind-ai",
  "version": "0.1.0",
  "lockfileVersion": 3,
  "requires": true,
  "packages": {
    "": {
      "name": "flowmind-ai",
      "version": "0.1.0",
      "workspaces": [
        "apps/*",
        "packages/*"
      ],
      "devDependencies": {
        "@types/node": "^22.13.0",
        "prettier": "^3.5.0",
        "ts-node": "^10.9.2",
        "typescript": "^5.8.2"
      },
      "engines": {
        "node": ">=20"
      }
    },
    "apps/desktop": {
      "name": "flowmind-desktop",
      "version": "0.1.0",
      "dependencies": {
        "electron": "^31.7.7"
      },
      "devDependencies": {
        "@types/node": "^22.0.0",
        "electron-builder": "^25.1.8",
        "typescript": "~5.8.3"
      },
      "engines": {
        "node": ">=20"
      },
      "optionalDependencies": {
        "active-win": "^8.2.1",
        "uiohook-napi": "^1.5.5"
      }
    },
    "node_modules/electron-builder": {
      "version": "25.1.8",
      "resolved": "https://registry.npmjs.org/electron-builder/-/electron-builder-25.1.8.tgz",
      "integrity": "sha512-poRgAtUHHOnlzZnc9PK4nzG53xh74wj2Jy7jkTrqZ0MWPoHGh1M2+C//hGeYdA+4K8w4yiVCNYoLXF7ySj2Wig==",
      "dev": true,
      "dependencies": {
        "app-builder-lib": "25.1.8",
        "builder-util": "25.1.7",
        "builder-util-runtime": "9.2.10",
        "chalk": "^4.1.2",
        "dmg-builder": "25.1.8",
        "fs-extra": "^10.1.0",
        "is-ci": "^3.0.0",
        "lazy-val": "^1.0.5",
        "simple-update-notifier": "2.0.0",
        "yargs": "^17.6.2"
      },
      "bin": {
        "electron-builder": "cli.js",
        "install-app-deps": "install-app-deps.js"
      },
      "engines": {
        "node": ">=14.0.0"
      }
    },
    "node_modules/electron-builder-squirrel-windows": {
      "version": "25.1.8",
      "resolved": "https://registry.npmjs.org/electron-builder-squirrel-windows/-/electron-builder-squirrel-windows-25.1.8.tgz",
      "integrity": "sha512-2ntkJ+9+0GFP6nAISiMabKt6eqBB0kX1QqHNWFWAXgi0VULKGisM46luRFpIBiU3u/TDmhZMM8tzvo2Abn3ayg==",
      "dev": true,
      "peer": true,
      "dependencies": {
        "app-builder-lib": "25.1.8",
        "archiver": "^5.3.1",
        "builder-util": "25.1.7",
        "fs-extra": "^10.1.0"
      }
    },
    "node_modules/electron": {
      "version": "31.7.7",
      "resolved": "https://registry.npmjs.org/electron/-/electron-31.7.7.tgz",
      "integrity": "sha512-HZtZg8EHsDGnswFt0QeV8If8B+et63uD6RJ7I4/xhcXqmTIbI08GoubX/wm+HdY0DwcuPe1/xsgqpmYvjdjRoA==",
      "hasInstallScript": true,
      "license": "MIT",
      "dependencies": {
        "@electron/get": "^2.0.0",
        "@types/node": "^20.9.0",
        "extract-zip": "^2.0.1"
      },
      "bin": {
        "electron": "cli.js"
      },
      "engines": {
        "node": ">= 12.20.55"
      }
    }
  }
}
